{
  "name": "patient_card_cds",
  "version": "1.0.1",
  "lockfileVersion": 1,
  "requires": true,
  "dependencies": {
    "services": {
      "version": "1.0.0",
      "resolved": "http://localhost:4873/services/-/services-1.0.0.tgz",
      "integrity": "sha512-8ek1BG6aTV3uv2QUSB40EADtBj7U0Ysi/kolG8qpNwgGdkMR5iCXR8L8AFEvRPeYcnwcdFpMORmf1cifFvT7+w=="
    }
  }
}
